
Microsoft Visual Studio Solution File, Format Version 12.00
# Visual Studio 2013
VisualStudioVersion = 12.0.30501.0
MinimumVisualStudioVersion = 10.0.40219.1
Project("{FAE04EC0-301F-11D3-BF4B-00C04F79EFBC}") = "K3LinusLib", "K3LinusLib.csproj", "{F98B24C2-2314-416F-A3A2-7691EF932AAC}"
EndProject
Global
	GlobalSection(SolutionConfigurationPlatforms) = preSolution
		Debug|Any CPU = Debug|Any CPU
		Release|Any CPU = Release|Any CPU
	EndGlobalSection
	GlobalSection(ProjectConfigurationPlatforms) = postSolution
		{F98B24C2-2314-416F-A3A2-7691EF932AAC}.Debug|Any CPU.ActiveCfg = Debug|Any CPU
		{F98B24C2-2314-416F-A3A2-7691EF932AAC}.Debug|Any CPU.Build.0 = Debug|Any CPU
		{F98B24C2-2314-416F-A3A2-7691EF932AAC}.Release|Any CPU.ActiveCfg = Release|Any CPU
		{F98B24C2-2314-416F-A3A2-7691EF932AAC}.Release|Any CPU.Build.0 = Release|Any CPU
	EndGlobalSection
	GlobalSection(SolutionProperties) = preSolution
		HideSolutionNode = FALSE
	EndGlobalSection
EndGlobal
